{
  "name": "weChat_airport",
  "version": "1.0.0",
  "lockfileVersion": 1,
  "requires": true,
  "dependencies": {
    "@vant/weapp": {
      "version": "1.8.0",
      "resolved": "https://registry.nlark.com/@vant/weapp/download/@vant/weapp-1.8.0.tgz?cache=0&sync_timestamp=1628646856191&other_urls=https%3A%2F%2Fregistry.nlark.com%2F%40vant%2Fweapp%2Fdownload%2F%40vant%2Fweapp-1.8.0.tgz",
      "integrity": "sha1-GxnxizIG9nL42T0p5GPugf9tY9E="
    }
  }
}
